
Microsoft Visual Studio Solution File, Format Version 12.00
# Visual Studio Version 17
VisualStudioVersion = 17.8.34309.116
MinimumVisualStudioVersion = 10.0.40219.1
Project("{FAE04EC0-301F-11D3-BF4B-00C04F79EFBC}") = "labirintus0903", "labirintus0903.csproj", "{39DC2A35-39FA-4C05-82B6-7875E13CF3C9}"
EndProject
Global
	GlobalSection(SolutionConfigurationPlatforms) = preSolution
		Debug|Any CPU = Debug|Any CPU
		Release|Any CPU = Release|Any CPU
	EndGlobalSection
	GlobalSection(ProjectConfigurationPlatforms) = postSolution
		{39DC2A35-39FA-4C05-82B6-7875E13CF3C9}.Debug|Any CPU.ActiveCfg = Debug|Any CPU
		{39DC2A35-39FA-4C05-82B6-7875E13CF3C9}.Debug|Any CPU.Build.0 = Debug|Any CPU
		{39DC2A35-39FA-4C05-82B6-7875E13CF3C9}.Release|Any CPU.ActiveCfg = Release|Any CPU
		{39DC2A35-39FA-4C05-82B6-7875E13CF3C9}.Release|Any CPU.Build.0 = Release|Any CPU
	EndGlobalSection
	GlobalSection(SolutionProperties) = preSolution
		HideSolutionNode = FALSE
	EndGlobalSection
	GlobalSection(ExtensibilityGlobals) = postSolution
		SolutionGuid = {A7AF2738-4771-49DB-BEE0-EECF945A9218}
	EndGlobalSection
EndGlobal
